
Microsoft Visual Studio Solution File, Format Version 12.00
# Visual Studio Version 16
VisualStudioVersion = 16.0.30804.86
MinimumVisualStudioVersion = 10.0.40219.1
Project("{FAE04EC0-301F-11D3-BF4B-00C04F79EFBC}") = "Sistema_Contabilidad", "Sistema_Contabilidad\Sistema_Contabilidad.csproj", "{397EC13D-8B8C-46B3-9AA1-BBDB055F5108}"
EndProject
Project("{FAE04EC0-301F-11D3-BF4B-00C04F79EFBC}") = "capa_negocio", "capa_negocio\capa_negocio.csproj", "{CE8F1A9F-AA80-48AA-B983-C3B916C8AE17}"
EndProject
Project("{FAE04EC0-301F-11D3-BF4B-00C04F79EFBC}") = "capa_dato", "capa_dato\capa_dato.csproj", "{F7610B33-122D-4D51-A840-AA3DAFAECEC4}"
EndProject
Global
	GlobalSection(SolutionConfigurationPlatforms) = preSolution
		Debug|Any CPU = Debug|Any CPU
		Release|Any CPU = Release|Any CPU
	EndGlobalSection
	GlobalSection(ProjectConfigurationPlatforms) = postSolution
		{397EC13D-8B8C-46B3-9AA1-BBDB055F5108}.Debug|Any CPU.ActiveCfg = Debug|Any CPU
		{397EC13D-8B8C-46B3-9AA1-BBDB055F5108}.Debug|Any CPU.Build.0 = Debug|Any CPU
		{397EC13D-8B8C-46B3-9AA1-BBDB055F5108}.Release|Any CPU.ActiveCfg = Release|Any CPU
		{397EC13D-8B8C-46B3-9AA1-BBDB055F5108}.Release|Any CPU.Build.0 = Release|Any CPU
		{CE8F1A9F-AA80-48AA-B983-C3B916C8AE17}.Debug|Any CPU.ActiveCfg = Debug|Any CPU
		{CE8F1A9F-AA80-48AA-B983-C3B916C8AE17}.Debug|Any CPU.Build.0 = Debug|Any CPU
		{CE8F1A9F-AA80-48AA-B983-C3B916C8AE17}.Release|Any CPU.ActiveCfg = Release|Any CPU
		{CE8F1A9F-AA80-48AA-B983-C3B916C8AE17}.Release|Any CPU.Build.0 = Release|Any CPU
		{F7610B33-122D-4D51-A840-AA3DAFAECEC4}.Debug|Any CPU.ActiveCfg = Debug|Any CPU
		{F7610B33-122D-4D51-A840-AA3DAFAECEC4}.Debug|Any CPU.Build.0 = Debug|Any CPU
		{F7610B33-122D-4D51-A840-AA3DAFAECEC4}.Release|Any CPU.ActiveCfg = Release|Any CPU
		{F7610B33-122D-4D51-A840-AA3DAFAECEC4}.Release|Any CPU.Build.0 = Release|Any CPU
	EndGlobalSection
	GlobalSection(SolutionProperties) = preSolution
		HideSolutionNode = FALSE
	EndGlobalSection
	GlobalSection(ExtensibilityGlobals) = postSolution
		SolutionGuid = {23B860CD-E33E-406E-9DE8-B4922201288F}
	EndGlobalSection
EndGlobal
